# THIS IS AN AUTOGENERATED FILE. DO NOT EDIT THIS FILE DIRECTLY.
# yarn lockfile v1


"@ant-design/colors@^3.1.0":
  version "3.2.2"
  resolved "https://registry.npm.taobao.org/@ant-design/colors/download/@ant-design/colors-3.2.2.tgz?cache=0&sync_timestamp=1596611369344&other_urls=https%3A%2F%2Fregistry.npm.taobao.org%2F%40ant-design%2Fcolors%2Fdownload%2F%40ant-design%2Fcolors-3.2.2.tgz#5ad43d619e911f3488ebac303d606e66a8423903"
  integrity sha1-WtQ9YZ6RHzSI66wwPWBuZqhCOQM=
  dependencies:
    tinycolor2 "^1.4.1"

"@ant-design/icons-vue@^2.0.0":
  version "2.0.0"
  resolved "https://registry.npm.taobao.org/@ant-design/icons-vue/download/@ant-design/icons-vue-2.0.0.tgz?cache=0&sync_timestamp=1598869253063&other_urls=https%3A%2F%2Fregistry.npm.taobao.org%2F%40ant-design%2Ficons-vue%2Fdownload%2F%40ant-design%2Ficons-vue-2.0.0.tgz#0357f5010a404e9f34a87a4b41b2a08df691dbce"
  integrity sha1-A1f1AQpATp80qHpLQbKgjfaR284=
  dependencies:
    "@ant-design/colors" "^3.1.0"
    babel-runtime "^6.26.0"

"@ant-design/icons@^2.1.1":
  version "2.1.1"
  resolved "https://registry.npm.taobao.org/@ant-design/icons/download/@ant-design/icons-2.1.1.tgz?cache=0&sync_timestamp=1596529338545&other_urls=https%3A%2F%2Fregistry.npm.taobao.org%2F%40ant-design%2Ficons%2Fdownload%2F%40ant-design%2Ficons-2.1.1.tgz#7b9c08dffd4f5d41db667d9dbe5e0107d0bd9a4a"
  integrity sha1-e5wI3/1PXUHbZn2dvl4BB9C9mko=

"@simonwep/pickr@~1.7.0":
  version "1.7.4"
  resolved "https://registry.npm.taobao.org/@simonwep/pickr/download/@simonwep/pickr-1.7.4.tgz#b14fcd945890388b870cd6db4d6c78d531f25141"
  integrity sha1-sU/NlFiQOIuHDNbbTWx41THyUUE=
  dependencies:
    core-js "^3.6.5"
    nanopop "^2.1.0"

add-dom-event-listener@^1.0.2:
  version "1.1.0"
  resolved "https://registry.npm.taobao.org/add-dom-event-listener/download/add-dom-event-listener-1.1.0.tgz#6a92db3a0dd0abc254e095c0f1dc14acbbaae310"
  integrity sha1-apLbOg3Qq8JU4JXA8dwUrLuq4xA=
  dependencies:
    object-assign "4.x"

ant-design-vue@^1.6.5:
  version "1.6.5"
  resolved "https://registry.npm.taobao.org/ant-design-vue/download/ant-design-vue-1.6.5.tgz?cache=0&sync_timestamp=1600955929138&other_urls=https%3A%2F%2Fregistry.npm.taobao.org%2Fant-design-vue%2Fdownload%2Fant-design-vue-1.6.5.tgz#82f69846d921c220d04bb9ef9a6c40605e146e6c"
  integrity sha1-gvaYRtkhwiDQS7nvmmxAYF4Ubmw=
  dependencies:
    "@ant-design/icons" "^2.1.1"
    "@ant-design/icons-vue" "^2.0.0"
    "@simonwep/pickr" "~1.7.0"
    add-dom-event-listener "^1.0.2"
    array-tree-filter "^2.1.0"
    async-validator "^3.0.3"
    babel-helper-vue-jsx-merge-props "^2.0.3"
    babel-runtime "6.x"
    classnames "^2.2.5"
    component-classes "^1.2.6"
    dom-align "^1.10.4"
    dom-closest "^0.2.0"
    dom-scroll-into-view "^2.0.0"
    enquire.js "^2.1.6"
    intersperse "^1.0.0"
    is-mobile "^2.2.1"
    is-negative-zero "^2.0.0"
    ismobilejs "^1.0.0"
    json2mq "^0.2.0"
    lodash "^4.17.5"
    moment "^2.21.0"
    mutationobserver-shim "^0.3.2"
    node-emoji "^1.10.0"
    omit.js "^1.0.0"
    raf "^3.4.0"
    resize-observer-polyfill "^1.5.1"
    shallow-equal "^1.0.0"
    shallowequal "^1.0.2"
    vue-ref "^2.0.0"
    warning "^4.0.0"

array-tree-filter@^2.1.0:
  version "2.1.0"
  resolved "https://registry.npm.taobao.org/array-tree-filter/download/array-tree-filter-2.1.0.tgz#873ac00fec83749f255ac8dd083814b4f6329190"
  integrity sha1-hzrAD+yDdJ8lWsjdCDgUtPYykZA=

async-validator@^3.0.3:
  version "3.4.0"
  resolved "https://registry.npm.taobao.org/async-validator/download/async-validator-3.4.0.tgz#871b3e594124bf4c4eb7bcd1a9e78b44f3b09cae"
  integrity sha1-hxs+WUEkv0xOt7zRqeeLRPOwnK4=

babel-helper-vue-jsx-merge-props@^2.0.3:
  version "2.0.3"
  resolved "https://registry.npm.taobao.org/babel-helper-vue-jsx-merge-props/download/babel-helper-vue-jsx-merge-props-2.0.3.tgz#22aebd3b33902328e513293a8e4992b384f9f1b6"
  integrity sha1-Iq69OzOQIyjlEyk6jkmSs4T58bY=

babel-runtime@6.x, babel-runtime@^6.23.0, babel-runtime@^6.26.0:
  version "6.26.0"
  resolved "https://registry.npm.taobao.org/babel-runtime/download/babel-runtime-6.26.0.tgz#965c7058668e82b55d7bfe04ff2337bc8b5647fe"
  integrity sha1-llxwWGaOgrVde/4E/yM3vItWR/4=
  dependencies:
    core-js "^2.4.0"
    regenerator-runtime "^0.11.0"

classnames@^2.2.5:
  version "2.2.6"
  resolved "https://registry.npm.taobao.org/classnames/download/classnames-2.2.6.tgz#43935bffdd291f326dad0a205309b38d00f650ce"
  integrity sha1-Q5Nb/90pHzJtrQogUwmzjQD2UM4=

component-classes@^1.2.6:
  version "1.2.6"
  resolved "https://registry.npm.taobao.org/component-classes/download/component-classes-1.2.6.tgz#c642394c3618a4d8b0b8919efccbbd930e5cd691"
  integrity sha1-xkI5TDYYpNiwuJGe/Mu9kw5c1pE=
  dependencies:
    component-indexof "0.0.3"

component-indexof@0.0.3:
  version "0.0.3"
  resolved "https://registry.npm.taobao.org/component-indexof/download/component-indexof-0.0.3.tgz#11d091312239eb8f32c8f25ae9cb002ffe8d3c24"
  integrity sha1-EdCRMSI5648yyPJa6csAL/6NPCQ=

core-js@^2.4.0:
  version "2.6.11"
  resolved "https://registry.npm.taobao.org/core-js/download/core-js-2.6.11.tgz?cache=0&sync_timestamp=1586450527243&other_urls=https%3A%2F%2Fregistry.npm.taobao.org%2Fcore-js%2Fdownload%2Fcore-js-2.6.11.tgz#38831469f9922bded8ee21c9dc46985e0399308c"
  integrity sha1-OIMUafmSK97Y7iHJ3EaYXgOZMIw=

core-js@^3.6.5:
  version "3.6.5"
  resolved "https://registry.npm.taobao.org/core-js/download/core-js-3.6.5.tgz?cache=0&sync_timestamp=1586450527243&other_urls=https%3A%2F%2Fregistry.npm.taobao.org%2Fcore-js%2Fdownload%2Fcore-js-3.6.5.tgz#7395dc273af37fb2e50e9bd3d9fe841285231d1a"
  integrity sha1-c5XcJzrzf7LlDpvT2f6EEoUjHRo=

dom-align@^1.10.4:
  version "1.12.0"
  resolved "https://registry.npm.taobao.org/dom-align/download/dom-align-1.12.0.tgz?cache=0&sync_timestamp=1589854754211&other_urls=https%3A%2F%2Fregistry.npm.taobao.org%2Fdom-align%2Fdownload%2Fdom-align-1.12.0.tgz#56fb7156df0b91099830364d2d48f88963f5a29c"
  integrity sha1-VvtxVt8LkQmYMDZNLUj4iWP1opw=

dom-closest@^0.2.0:
  version "0.2.0"
  resolved "https://registry.npm.taobao.org/dom-closest/download/dom-closest-0.2.0.tgz#ebd9f91d1bf22e8d6f477876bbcd3ec90216c0cf"
  integrity sha1-69n5HRvyLo1vR3h2u80+yQIWwM8=
  dependencies:
    dom-matches ">=1.0.1"

dom-matches@>=1.0.1:
  version "2.0.0"
  resolved "https://registry.npm.taobao.org/dom-matches/download/dom-matches-2.0.0.tgz#d2728b416a87533980eb089b848d253cf23a758c"
  integrity sha1-0nKLQWqHUzmA6wibhI0lPPI6dYw=

dom-scroll-into-view@^2.0.0:
  version "2.0.1"
  resolved "https://registry.npm.taobao.org/dom-scroll-into-view/download/dom-scroll-into-view-2.0.1.tgz#0decc8522801fd8d3f1c6ba355a74d382c5f989b"
  integrity sha1-DezIUigB/Y0/HGujVadNOCxfmJs=

enquire.js@^2.1.6:
  version "2.1.6"
  resolved "https://registry.npm.taobao.org/enquire.js/download/enquire.js-2.1.6.tgz#3e8780c9b8b835084c3f60e166dbc3c2a3c89814"
  integrity sha1-PoeAybi4NQhMP2DhZtvDwqPImBQ=

intersperse@^1.0.0:
  version "1.0.0"
  resolved "https://registry.npm.taobao.org/intersperse/download/intersperse-1.0.0.tgz#f2561fb1cfef9f5277cc3347a22886b4351a5181"
  integrity sha1-8lYfsc/vn1J3zDNHoiiGtDUaUYE=

is-mobile@^2.2.1:
  version "2.2.2"
  resolved "https://registry.npm.taobao.org/is-mobile/download/is-mobile-2.2.2.tgz?cache=0&sync_timestamp=1592980494392&other_urls=https%3A%2F%2Fregistry.npm.taobao.org%2Fis-mobile%2Fdownload%2Fis-mobile-2.2.2.tgz#f6c9c5d50ee01254ce05e739bdd835f1ed4e9954"
  integrity sha1-9snF1Q7gElTOBec5vdg18e1OmVQ=

is-negative-zero@^2.0.0:
  version "2.0.0"
  resolved "https://registry.npm.taobao.org/is-negative-zero/download/is-negative-zero-2.0.0.tgz#9553b121b0fac28869da9ed459e20c7543788461"
  integrity sha1-lVOxIbD6wohp2p7UWeIMdUN4hGE=

ismobilejs@^1.0.0:
  version "1.1.1"
  resolved "https://registry.npm.taobao.org/ismobilejs/download/ismobilejs-1.1.1.tgz#c56ca0ae8e52b24ca0f22ba5ef3215a2ddbbaa0e"
  integrity sha1-xWygro5Sskyg8iul7zIVot27qg4=

"js-tokens@^3.0.0 || ^4.0.0":
  version "4.0.0"
  resolved "https://registry.npm.taobao.org/js-tokens/download/js-tokens-4.0.0.tgz#19203fb59991df98e3a287050d4647cdeaf32499"
  integrity sha1-GSA/tZmR35jjoocFDUZHzerzJJk=

json2mq@^0.2.0:
  version "0.2.0"
  resolved "https://registry.npm.taobao.org/json2mq/download/json2mq-0.2.0.tgz#b637bd3ba9eabe122c83e9720483aeb10d2c904a"
  integrity sha1-tje9O6nqvhIsg+lyBIOusQ0skEo=
  dependencies:
    string-convert "^0.2.0"

lodash.toarray@^4.4.0:
  version "4.4.0"
  resolved "https://registry.npm.taobao.org/lodash.toarray/download/lodash.toarray-4.4.0.tgz#24c4bfcd6b2fba38bfd0594db1179d8e9b656561"
  integrity sha1-JMS/zWsvuji/0FlNsRedjptlZWE=

lodash@^4.17.5:
  version "4.17.20"
  resolved "https://registry.npm.taobao.org/lodash/download/lodash-4.17.20.tgz#b44a9b6297bcb698f1c51a3545a2b3b368d59c52"
  integrity sha1-tEqbYpe8tpjxxRo1RaKzs2jVnFI=

loose-envify@^1.0.0:
  version "1.4.0"
  resolved "https://registry.npm.taobao.org/loose-envify/download/loose-envify-1.4.0.tgz#71ee51fa7be4caec1a63839f7e682d8132d30caf"
  integrity sha1-ce5R+nvkyuwaY4OffmgtgTLTDK8=
  dependencies:
    js-tokens "^3.0.0 || ^4.0.0"

moment@^2.21.0:
  version "2.29.1"
  resolved "https://registry.npm.taobao.org/moment/download/moment-2.29.1.tgz?cache=0&sync_timestamp=1601983557585&other_urls=https%3A%2F%2Fregistry.npm.taobao.org%2Fmoment%2Fdownload%2Fmoment-2.29.1.tgz#b2be769fa31940be9eeea6469c075e35006fa3d3"
  integrity sha1-sr52n6MZQL6e7qZGnAdeNQBvo9M=

mutationobserver-shim@^0.3.2:
  version "0.3.7"
  resolved "https://registry.npm.taobao.org/mutationobserver-shim/download/mutationobserver-shim-0.3.7.tgz#8bf633b0c0b0291a1107255ed32c13088a8c5bf3"
  integrity sha1-i/YzsMCwKRoRByVe0ywTCIqMW/M=

nanopop@^2.1.0:
  version "2.1.0"
  resolved "https://registry.npm.taobao.org/nanopop/download/nanopop-2.1.0.tgz?cache=0&sync_timestamp=1598256090184&other_urls=https%3A%2F%2Fregistry.npm.taobao.org%2Fnanopop%2Fdownload%2Fnanopop-2.1.0.tgz#23476513cee2405888afd2e8a4b54066b70b9e60"
  integrity sha1-I0dlE87iQFiIr9LopLVAZrcLnmA=

node-emoji@^1.10.0:
  version "1.10.0"
  resolved "https://registry.npm.taobao.org/node-emoji/download/node-emoji-1.10.0.tgz#8886abd25d9c7bb61802a658523d1f8d2a89b2da"
  integrity sha1-iIar0l2ce7YYAqZYUj0fjSqJsto=
  dependencies:
    lodash.toarray "^4.4.0"

object-assign@4.x:
  version "4.1.1"
  resolved "https://registry.npm.taobao.org/object-assign/download/object-assign-4.1.1.tgz#2109adc7965887cfc05cbbd442cac8bfbb360863"
  integrity sha1-IQmtx5ZYh8/AXLvUQsrIv7s2CGM=

omit.js@^1.0.0:
  version "1.0.2"
  resolved "https://registry.npm.taobao.org/omit.js/download/omit.js-1.0.2.tgz#91a14f0eba84066dfa015bf30e474c47f30bc858"
  integrity sha1-kaFPDrqEBm36AVvzDkdMR/MLyFg=
  dependencies:
    babel-runtime "^6.23.0"

performance-now@^2.1.0:
  version "2.1.0"
  resolved "https://registry.npm.taobao.org/performance-now/download/performance-now-2.1.0.tgz#6309f4e0e5fa913ec1c69307ae364b4b377c9e7b"
  integrity sha1-Ywn04OX6kT7BxpMHrjZLSzd8nns=

raf@^3.4.0:
  version "3.4.1"
  resolved "https://registry.npm.taobao.org/raf/download/raf-3.4.1.tgz?cache=0&sync_timestamp=1586264003311&other_urls=https%3A%2F%2Fregistry.npm.taobao.org%2Fraf%2Fdownload%2Fraf-3.4.1.tgz#0742e99a4a6552f445d73e3ee0328af0ff1ede39"
  integrity sha1-B0LpmkplUvRF1z4+4DKK8P8e3jk=
  dependencies:
    performance-now "^2.1.0"

regenerator-runtime@^0.11.0:
  version "0.11.1"
  resolved "https://registry.npm.taobao.org/regenerator-runtime/download/regenerator-runtime-0.11.1.tgz?cache=0&other_urls=https%3A%2F%2Fregistry.npm.taobao.org%2Fregenerator-runtime%2Fdownload%2Fregenerator-runtime-0.11.1.tgz#be05ad7f9bf7d22e056f9726cee5017fbf19e2e9"
  integrity sha1-vgWtf5v30i4Fb5cmzuUBf78Z4uk=

resize-observer-polyfill@^1.5.1:
  version "1.5.1"
  resolved "https://registry.npm.taobao.org/resize-observer-polyfill/download/resize-observer-polyfill-1.5.1.tgz#0e9020dd3d21024458d4ebd27e23e40269810464"
  integrity sha1-DpAg3T0hAkRY1OvSfiPkAmmBBGQ=

shallow-equal@^1.0.0:
  version "1.2.1"
  resolved "https://registry.npm.taobao.org/shallow-equal/download/shallow-equal-1.2.1.tgz#4c16abfa56043aa20d050324efa68940b0da79da"
  integrity sha1-TBar+lYEOqINBQMk76aJQLDaedo=

shallowequal@^1.0.2:
  version "1.1.0"
  resolved "https://registry.npm.taobao.org/shallowequal/download/shallowequal-1.1.0.tgz#188d521de95b9087404fd4dcb68b13df0ae4e7f8"
  integrity sha1-GI1SHelbkIdAT9TctosT3wrk5/g=

string-convert@^0.2.0:
  version "0.2.1"
  resolved "https://registry.npm.taobao.org/string-convert/download/string-convert-0.2.1.tgz#6982cc3049fbb4cd85f8b24568b9d9bf39eeff97"
  integrity sha1-aYLMMEn7tM2F+LJFaLnZvznu/5c=

tinycolor2@^1.4.1:
  version "1.4.2"
  resolved "https://registry.npm.taobao.org/tinycolor2/download/tinycolor2-1.4.2.tgz#3f6a4d1071ad07676d7fa472e1fac40a719d8803"
  integrity sha1-P2pNEHGtB2dtf6Ry4frECnGdiAM=

vue-ref@^2.0.0:
  version "2.0.0"
  resolved "https://registry.npm.taobao.org/vue-ref/download/vue-ref-2.0.0.tgz#483084d732abed11da796778a8266a3af0ea1a9c"
  integrity sha1-SDCE1zKr7RHaeWd4qCZqOvDqGpw=

warning@^4.0.0:
  version "4.0.3"
  resolved "https://registry.npm.taobao.org/warning/download/warning-4.0.3.tgz#16e9e077eb8a86d6af7d64aa1e05fd85b4678ca3"
  integrity sha1-Fungd+uKhtavfWSqHgX9hbRnjKM=
  dependencies:
    loose-envify "^1.0.0"
